// !$*UTF8*$!
{
	archiveVersion = 1;
	classes = {
	};
	objectVersion = 56;
	objects = {

/* Begin PBXBuildFile section */
		E1CA6B8A2BD81C8400CAC80D /* magic-sparkle.mp3 in Resources */ = {isa = PBXBuildFile; fileRef = E1CA6B892BD81C8400CAC80D /* magic-sparkle.mp3 */; };
		E1F7D8AE2BD7F68800D0CB7B /* RealityKitContent in Frameworks */ = {isa = PBXBuildFile; productRef = E1F7D8AD2BD7F68800D0CB7B /* RealityKitContent */; };
		E1F7D8B02BD7F68800D0CB7B /* AVP_test_sailormoon_240423App.swift in Sources */ = {isa = PBXBuildFile; fileRef = E1F7D8AF2BD7F68800D0CB7B /* AVP_test_sailormoon_240423App.swift */; };
		E1F7D8B22BD7F68800D0CB7B /* ContentView.swift in Sources */ = {isa = PBXBuildFile; fileRef = E1F7D8B12BD7F68800D0CB7B /* ContentView.swift */; };
		E1F7D8B42BD7F68800D0CB7B /* ImmersiveView.swift in Sources */ = {isa = PBXBuildFile; fileRef = E1F7D8B32BD7F68800D0CB7B /* ImmersiveView.swift */; };
		E1F7D8B62BD7F68800D0CB7B /* ImageBasedLighting.skybox in Resources */ = {isa = PBXBuildFile; fileRef = E1F7D8B52BD7F68800D0CB7B /* ImageBasedLighting.skybox */; };
		E1F7D8B82BD7F68A00D0CB7B /* Assets.xcassets in Resources */ = {isa = PBXBuildFile; fileRef = E1F7D8B72BD7F68A00D0CB7B /* Assets.xcassets */; };
		E1F7D8BB2BD7F68A00D0CB7B /* Preview Assets.xcassets in Resources */ = {isa = PBXBuildFile; fileRef = E1F7D8BA2BD7F68A00D0CB7B /* Preview Assets.xcassets */; };
		E1F7D8C62BD7F68A00D0CB7B /* AVP_test_sailormoon_240423Tests.swift in Sources */ = {isa = PBXBuildFile; fileRef = E1F7D8C52BD7F68A00D0CB7B /* AVP_test_sailormoon_240423Tests.swift */; };
/* End PBXBuildFile section */

/* Begin PBXContainerItemProxy section */
		E1F7D8C22BD7F68A00D0CB7B /* PBXContainerItemProxy */ = {
			isa = PBXContainerItemProxy;
			containerPortal = E1F7D8A02BD7F68800D0CB7B /* Project object */;
			proxyType = 1;
			remoteGlobalIDString = E1F7D8A72BD7F68800D0CB7B;
			remoteInfo = "AVP-test-sailormoon-240423";
		};
/* End PBXContainerItemProxy section */

/* Begin PBXFileReference section */
		E1CA6B892BD81C8400CAC80D /* magic-sparkle.mp3 */ = {isa = PBXFileReference; lastKnownFileType = audio.mp3; path = "magic-sparkle.mp3"; sourceTree = "<group>"; };
		E1F7D8A82BD7F68800D0CB7B /* AVP-test-sailormoon-240423.app */ = {isa = PBXFileReference; explicitFileType = wrapper.application; includeInIndex = 0; path = "AVP-test-sailormoon-240423.app"; sourceTree = BUILT_PRODUCTS_DIR; };
		E1F7D8AC2BD7F68800D0CB7B /* RealityKitContent */ = {isa = PBXFileReference; lastKnownFileType = wrapper; path = RealityKitContent; sourceTree = "<group>"; };
		E1F7D8AF2BD7F68800D0CB7B /* AVP_test_sailormoon_240423App.swift */ = {isa = PBXFileReference; lastKnownFileType = sourcecode.swift; path = AVP_test_sailormoon_240423App.swift; sourceTree = "<group>"; };
		E1F7D8B12BD7F68800D0CB7B /* ContentView.swift */ = {isa = PBXFileReference; lastKnownFileType = sourcecode.swift; path = ContentView.swift; sourceTree = "<group>"; };
		E1F7D8B32BD7F68800D0CB7B /* ImmersiveView.swift */ = {isa = PBXFileReference; lastKnownFileType = sourcecode.swift; path = ImmersiveView.swift; sourceTree = "<group>"; };
		E1F7D8B52BD7F68800D0CB7B /* ImageBasedLighting.skybox */ = {isa = PBXFileReference; lastKnownFileType = file.skybox; path = ImageBasedLighting.skybox; sourceTree = "<group>"; };
		E1F7D8B72BD7F68A00D0CB7B /* Assets.xcassets */ = {isa = PBXFileReference; lastKnownFileType = folder.assetcatalog; path = Assets.xcassets; sourceTree = "<group>"; };
		E1F7D8BA2BD7F68A00D0CB7B /* Preview Assets.xcassets */ = {isa = PBXFileReference; lastKnownFileType = folder.assetcatalog; path = "Preview Assets.xcassets"; sourceTree = "<group>"; };
		E1F7D8BC2BD7F68A00D0CB7B /* Info.plist */ = {isa = PBXFileReference; lastKnownFileType = text.plist.xml; path = Info.plist; sourceTree = "<group>"; };
		E1F7D8C12BD7F68A00D0CB7B /* AVP-test-sailormoon-240423Tests.xctest */ = {isa = PBXFileReference; explicitFileType = wrapper.cfbundle; includeInIndex = 0; path = "AVP-test-sailormoon-240423Tests.xctest"; sourceTree = BUILT_PRODUCTS_DIR; };
		E1F7D8C52BD7F68A00D0CB7B /* AVP_test_sailormoon_240423Tests.swift */ = {isa = PBXFileReference; lastKnownFileType = sourcecode.swift; path = AVP_test_sailormoon_240423Tests.swift; sourceTree = "<group>"; };
/* End PBXFileReference section */

/* Begin PBXFrameworksBuildPhase section */
		E1F7D8A52BD7F68800D0CB7B /* Frameworks */ = {
			isa = PBXFrameworksBuildPhase;
			buildActionMask = 2147483647;
			files = (
				E1F7D8AE2BD7F68800D0CB7B /* RealityKitContent in Frameworks */,
			);
			runOnlyForDeploymentPostprocessing = 0;
		};
		E1F7D8BE2BD7F68A00D0CB7B /* Frameworks */ = {
			isa = PBXFrameworksBuildPhase;
			buildActionMask = 2147483647;
			files = (
			);
			runOnlyForDeploymentPostprocessing = 0;
		};
/* End PBXFrameworksBuildPhase section */

/* Begin PBXGroup section */
		E1CA6B862BD8188A00CAC80D /* Sounds */ = {
			isa = PBXGroup;
			children = (
				E1CA6B892BD81C8400CAC80D /* magic-sparkle.mp3 */,
			);
			path = Sounds;
			sourceTree = "<group>";
		};
		E1F7D89F2BD7F68800D0CB7B = {
			isa = PBXGroup;
			children = (
				E1F7D8AA2BD7F68800D0CB7B /* AVP-test-sailormoon-240423 */,
				E1F7D8AB2BD7F68800D0CB7B /* Packages */,
				E1F7D8C42BD7F68A00D0CB7B /* AVP-test-sailormoon-240423Tests */,
				E1F7D8A92BD7F68800D0CB7B /* Products */,
			);
			sourceTree = "<group>";
		};
		E1F7D8A92BD7F68800D0CB7B /* Products */ = {
			isa = PBXGroup;
			children = (
				E1F7D8A82BD7F68800D0CB7B /* AVP-test-sailormoon-240423.app */,
				E1F7D8C12BD7F68A00D0CB7B /* AVP-test-sailormoon-240423Tests.xctest */,
			);
			name = Products;
			sourceTree = "<group>";
		};
		E1F7D8AA2BD7F68800D0CB7B /* AVP-test-sailormoon-240423 */ = {
			isa = PBXGroup;
			children = (
				E1F7D8AF2BD7F68800D0CB7B /* AVP_test_sailormoon_240423App.swift */,
				E1F7D8B12BD7F68800D0CB7B /* ContentView.swift */,
				E1F7D8B32BD7F68800D0CB7B /* ImmersiveView.swift */,
				E1CA6B862BD8188A00CAC80D /* Sounds */,
				E1F7D8B52BD7F68800D0CB7B /* ImageBasedLighting.skybox */,
				E1F7D8B72BD7F68A00D0CB7B /* Assets.xcassets */,
				E1F7D8BC2BD7F68A00D0CB7B /* Info.plist */,
				E1F7D8B92BD7F68A00D0CB7B /* Preview Content */,
			);
			path = "AVP-test-sailormoon-240423";
			sourceTree = "<group>";
		};
		E1F7D8AB2BD7F68800D0CB7B /* Packages */ = {
			isa = PBXGroup;
			children = (
				E1F7D8AC2BD7F68800D0CB7B /* RealityKitContent */,
			);
			path = Packages;
			sourceTree = "<group>";
		};
		E1F7D8B92BD7F68A00D0CB7B /* Preview Content */ = {
			isa = PBXGroup;
			children = (
				E1F7D8BA2BD7F68A00D0CB7B /* Preview Assets.xcassets */,
			);
			path = "Preview Content";
			sourceTree = "<group>";
		};
		E1F7D8C42BD7F68A00D0CB7B /* AVP-test-sailormoon-240423Tests */ = {
			isa = PBXGroup;
			children = (
				E1F7D8C52BD7F68A00D0CB7B /* AVP_test_sailormoon_240423Tests.swift */,
			);
			path = "AVP-test-sailormoon-240423Tests";
			sourceTree = "<group>";
		};
/* End PBXGroup section */

/* Begin PBXNativeTarget section */
		E1F7D8A72BD7F68800D0CB7B /* AVP-test-sailormoon-240423 */ = {
			isa = PBXNativeTarget;
			buildConfigurationList = E1F7D8C92BD7F68A00D0CB7B /* Build configuration list for PBXNativeTarget "AVP-test-sailormoon-240423" */;
			buildPhases = (
				E1F7D8A42BD7F68800D0CB7B /* Sources */,
				E1F7D8A52BD7F68800D0CB7B /* Frameworks */,
				E1F7D8A62BD7F68800D0CB7B /* Resources */,
			);
			buildRules = (
			);
			dependencies = (
			);
			name = "AVP-test-sailormoon-240423";
			packageProductDependencies = (
				E1F7D8AD2BD7F68800D0CB7B /* RealityKitContent */,
			);
			productName = "AVP-test-sailormoon-240423";
			productReference = E1F7D8A82BD7F68800D0CB7B /* AVP-test-sailormoon-240423.app */;
			productType = "com.apple.product-type.application";
		};
		E1F7D8C02BD7F68A00D0CB7B /* AVP-test-sailormoon-240423Tests */ = {
			isa = PBXNativeTarget;
			buildConfigurationList = E1F7D8CC2BD7F68A00D0CB7B /* Build configuration list for PBXNativeTarget "AVP-test-sailormoon-240423Tests" */;
			buildPhases = (
				E1F7D8BD2BD7F68A00D0CB7B /* Sources */,
				E1F7D8BE2BD7F68A00D0CB7B /* Frameworks */,
				E1F7D8BF2BD7F68A00D0CB7B /* Resources */,
			);
			buildRules = (
			);
			dependencies = (
				E1F7D8C32BD7F68A00D0CB7B /* PBXTargetDependency */,
			);
			name = "AVP-test-sailormoon-240423Tests";
			productName = "AVP-test-sailormoon-240423Tests";
			productReference = E1F7D8C12BD7F68A00D0CB7B /* AVP-test-sailormoon-240423Tests.xctest */;
			productType = "com.apple.product-type.bundle.unit-test";
		};
/* End PBXNativeTarget section */

/* Begin PBXProject section */
		E1F7D8A02BD7F68800D0CB7B /* Project object */ = {
			isa = PBXProject;
			attributes = {
				BuildIndependentTargetsInParallel = 1;
				LastSwiftUpdateCheck = 1530;
				LastUpgradeCheck = 1530;
				TargetAttributes = {
					E1F7D8A72BD7F68800D0CB7B = {
						CreatedOnToolsVersion = 15.3;
					};
					E1F7D8C02BD7F68A00D0CB7B = {
						CreatedOnToolsVersion = 15.3;
						TestTargetID = E1F7D8A72BD7F68800D0CB7B;
					};
				};
			};
			buildConfigurationList = E1F7D8A32BD7F68800D0CB7B /* Build configuration list for PBXProject "AVP-test-sailormoon-240423" */;
			compatibilityVersion = "Xcode 14.0";
			developmentRegion = en;
			hasScannedForEncodings = 0;
			knownRegions = (
				en,
				Base,
			);
			mainGroup = E1F7D89F2BD7F68800D0CB7B;
			productRefGroup = E1F7D8A92BD7F68800D0CB7B /* Products */;
			projectDirPath = "";
			projectRoot = "";
			targets = (
				E1F7D8A72BD7F68800D0CB7B /* AVP-test-sailormoon-240423 */,
				E1F7D8C02BD7F68A00D0CB7B /* AVP-test-sailormoon-240423Tests */,
			);
		};
/* End PBXProject section */

/* Begin PBXResourcesBuildPhase section */
		E1F7D8A62BD7F68800D0CB7B /* Resources */ = {
			isa = PBXResourcesBuildPhase;
			buildActionMask = 2147483647;
			files = (
				E1F7D8B82BD7F68A00D0CB7B /* Assets.xcassets in Resources */,
				E1F7D8BB2BD7F68A00D0CB7B /* Preview Assets.xcassets in Resources */,
				E1F7D8B62BD7F68800D0CB7B /* ImageBasedLighting.skybox in Resources */,
				E1CA6B8A2BD81C8400CAC80D /* magic-sparkle.mp3 in Resources */,
			);
			runOnlyForDeploymentPostprocessing = 0;
		};
		E1F7D8BF2BD7F68A00D0CB7B /* Resources */ = {
			isa = PBXResourcesBuildPhase;
			buildActionMask = 2147483647;
			files = (
			);
			runOnlyForDeploymentPostprocessing = 0;
		};
/* End PBXResourcesBuildPhase section */

/* Begin PBXSourcesBuildPhase section */
		E1F7D8A42BD7F68800D0CB7B /* Sources */ = {
			isa = PBXSourcesBuildPhase;
			buildActionMask = 2147483647;
			files = (
				E1F7D8B22BD7F68800D0CB7B /* ContentView.swift in Sources */,
				E1F7D8B02BD7F68800D0CB7B /* AVP_test_sailormoon_240423App.swift in Sources */,
				E1F7D8B42BD7F68800D0CB7B /* ImmersiveView.swift in Sources */,
			);
			runOnlyForDeploymentPostprocessing = 0;
		};
		E1F7D8BD2BD7F68A00D0CB7B /* Sources */ = {
			isa = PBXSourcesBuildPhase;
			buildActionMask = 2147483647;
			files = (
				E1F7D8C62BD7F68A00D0CB7B /* AVP_test_sailormoon_240423Tests.swift in Sources */,
			);
			runOnlyForDeploymentPostprocessing = 0;
		};
/* End PBXSourcesBuildPhase section */

/* Begin PBXTargetDependency section */
		E1F7D8C32BD7F68A00D0CB7B /* PBXTargetDependency */ = {
			isa = PBXTargetDependency;
			target = E1F7D8A72BD7F68800D0CB7B /* AVP-test-sailormoon-240423 */;
			targetProxy = E1F7D8C22BD7F68A00D0CB7B /* PBXContainerItemProxy */;
		};
/* End PBXTargetDependency section */

/* Begin XCBuildConfiguration section */
		E1F7D8C72BD7F68A00D0CB7B /* Debug */ = {
			isa = XCBuildConfiguration;
			buildSettings = {
				ALWAYS_SEARCH_USER_PATHS = NO;
				ASSETCATALOG_COMPILER_GENERATE_SWIFT_ASSET_SYMBOL_EXTENSIONS = YES;
				CLANG_ANALYZER_NONNULL = YES;
				CLANG_ANALYZER_NUMBER_OBJECT_CONVERSION = YES_AGGRESSIVE;
				CLANG_CXX_LANGUAGE_STANDARD = "gnu++20";
				CLANG_ENABLE_MODULES = YES;
				CLANG_ENABLE_OBJC_ARC = YES;
				CLANG_ENABLE_OBJC_WEAK = YES;
				CLANG_WARN_BLOCK_CAPTURE_AUTORELEASING = YES;
				CLANG_WARN_BOOL_CONVERSION = YES;
				CLANG_WARN_COMMA = YES;
				CLANG_WARN_CONSTANT_CONVERSION = YES;
				CLANG_WARN_DEPRECATED_OBJC_IMPLEMENTATIONS = YES;
				CLANG_WARN_DIRECT_OBJC_ISA_USAGE = YES_ERROR;
				CLANG_WARN_DOCUMENTATION_COMMENTS = YES;
				CLANG_WARN_EMPTY_BODY = YES;
				CLANG_WARN_ENUM_CONVERSION = YES;
				CLANG_WARN_INFINITE_RECURSION = YES;
				CLANG_WARN_INT_CONVERSION = YES;
				CLANG_WARN_NON_LITERAL_NULL_CONVERSION = YES;
				CLANG_WARN_OBJC_IMPLICIT_RETAIN_SELF = YES;
				CLANG_WARN_OBJC_LITERAL_CONVERSION = YES;
				CLANG_WARN_OBJC_ROOT_CLASS = YES_ERROR;
				CLANG_WARN_QUOTED_INCLUDE_IN_FRAMEWORK_HEADER = YES;
				CLANG_WARN_RANGE_LOOP_ANALYSIS = YES;
				CLANG_WARN_STRICT_PROTOTYPES = YES;
				CLANG_WARN_SUSPICIOUS_MOVE = YES;
				CLANG_WARN_UNGUARDED_AVAILABILITY = YES_AGGRESSIVE;
				CLANG_WARN_UNREACHABLE_CODE = YES;
				CLANG_WARN__DUPLICATE_METHOD_MATCH = YES;
				COPY_PHASE_STRIP = NO;
				DEBUG_INFORMATION_FORMAT = dwarf;
				ENABLE_STRICT_OBJC_MSGSEND = YES;
				ENABLE_TESTABILITY = YES;
				ENABLE_USER_SCRIPT_SANDBOXING = YES;
				GCC_C_LANGUAGE_STANDARD = gnu17;
				GCC_DYNAMIC_NO_PIC = NO;
				GCC_NO_COMMON_BLOCKS = YES;
				GCC_OPTIMIZATION_LEVEL = 0;
				GCC_PREPROCESSOR_DEFINITIONS = (
					"DEBUG=1",
					"$(inherited)",
				);
				GCC_WARN_64_TO_32_BIT_CONVERSION = YES;
				GCC_WARN_ABOUT_RETURN_TYPE = YES_ERROR;
				GCC_WARN_UNDECLARED_SELECTOR = YES;
				GCC_WARN_UNINITIALIZED_AUTOS = YES_AGGRESSIVE;
				GCC_WARN_UNUSED_FUNCTION = YES;
				GCC_WARN_UNUSED_VARIABLE = YES;
				LOCALIZATION_PREFERS_STRING_CATALOGS = YES;
				MTL_ENABLE_DEBUG_INFO = INCLUDE_SOURCE;
				MTL_FAST_MATH = YES;
				ONLY_ACTIVE_ARCH = YES;
				SDKROOT = xros;
				SWIFT_ACTIVE_COMPILATION_CONDITIONS = "DEBUG $(inherited)";
				SWIFT_OPTIMIZATION_LEVEL = "-Onone";
				XROS_DEPLOYMENT_TARGET = 1.1;
			};
			name = Debug;
		};
		E1F7D8C82BD7F68A00D0CB7B /* Release */ = {
			isa = XCBuildConfiguration;
			buildSettings = {
				ALWAYS_SEARCH_USER_PATHS = NO;
				ASSETCATALOG_COMPILER_GENERATE_SWIFT_ASSET_SYMBOL_EXTENSIONS = YES;
				CLANG_ANALYZER_NONNULL = YES;
				CLANG_ANALYZER_NUMBER_OBJECT_CONVERSION = YES_AGGRESSIVE;
				CLANG_CXX_LANGUAGE_STANDARD = "gnu++20";
				CLANG_ENABLE_MODULES = YES;
				CLANG_ENABLE_OBJC_ARC = YES;
				CLANG_ENABLE_OBJC_WEAK = YES;
				CLANG_WARN_BLOCK_CAPTURE_AUTORELEASING = YES;
				CLANG_WARN_BOOL_CONVERSION = YES;
				CLANG_WARN_COMMA = YES;
				CLANG_WARN_CONSTANT_CONVERSION = YES;
				CLANG_WARN_DEPRECATED_OBJC_IMPLEMENTATIONS = YES;
				CLANG_WARN_DIRECT_OBJC_ISA_USAGE = YES_ERROR;
				CLANG_WARN_DOCUMENTATION_COMMENTS = YES;
				CLANG_WARN_EMPTY_BODY = YES;
				CLANG_WARN_ENUM_CONVERSION = YES;
				CLANG_WARN_INFINITE_RECURSION = YES;
				CLANG_WARN_INT_CONVERSION = YES;
				CLANG_WARN_NON_LITERAL_NULL_CONVERSION = YES;
				CLANG_WARN_OBJC_IMPLICIT_RETAIN_SELF = YES;
				CLANG_WARN_OBJC_LITERAL_CONVERSION = YES;
				CLANG_WARN_OBJC_ROOT_CLASS = YES_ERROR;
				CLANG_WARN_QUOTED_INCLUDE_IN_FRAMEWORK_HEADER = YES;
				CLANG_WARN_RANGE_LOOP_ANALYSIS = YES;
				CLANG_WARN_STRICT_PROTOTYPES = YES;
				CLANG_WARN_SUSPICIOUS_MOVE = YES;
				CLANG_WARN_UNGUARDED_AVAILABILITY = YES_AGGRESSIVE;
				CLANG_WARN_UNREACHABLE_CODE = YES;
				CLANG_WARN__DUPLICATE_METHOD_MATCH = YES;
				COPY_PHASE_STRIP = NO;
				DEBUG_INFORMATION_FORMAT = "dwarf-with-dsym";
				ENABLE_NS_ASSERTIONS = NO;
				ENABLE_STRICT_OBJC_MSGSEND = YES;
				ENABLE_USER_SCRIPT_SANDBOXING = YES;
				GCC_C_LANGUAGE_STANDARD = gnu17;
				GCC_NO_COMMON_BLOCKS = YES;
				GCC_WARN_64_TO_32_BIT_CONVERSION = YES;
				GCC_WARN_ABOUT_RETURN_TYPE = YES_ERROR;
				GCC_WARN_UNDECLARED_SELECTOR = YES;
				GCC_WARN_UNINITIALIZED_AUTOS = YES_AGGRESSIVE;
				GCC_WARN_UNUSED_FUNCTION = YES;
				GCC_WARN_UNUSED_VARIABLE = YES;
				LOCALIZATION_PREFERS_STRING_CATALOGS = YES;
				MTL_ENABLE_DEBUG_INFO = NO;
				MTL_FAST_MATH = YES;
				SDKROOT = xros;
				SWIFT_COMPILATION_MODE = wholemodule;
				VALIDATE_PRODUCT = YES;
				XROS_DEPLOYMENT_TARGET = 1.1;
			};
			name = Release;
		};
		E1F7D8CA2BD7F68A00D0CB7B /* Debug */ = {
			isa = XCBuildConfiguration;
			buildSettings = {
				ASSETCATALOG_COMPILER_APPICON_NAME = AppIcon;
				ASSETCATALOG_COMPILER_GLOBAL_ACCENT_COLOR_NAME = AccentColor;
				CODE_SIGN_STYLE = Automatic;
				CURRENT_PROJECT_VERSION = 1;
				DEVELOPMENT_ASSET_PATHS = "\"AVP-test-sailormoon-240423/Preview Content\"";
				DEVELOPMENT_TEAM = NQ3XMS9427;
				ENABLE_PREVIEWS = YES;
				GENERATE_INFOPLIST_FILE = YES;
				INFOPLIST_FILE = "$(TARGET_NAME)/Info.plist";
				INFOPLIST_KEY_CFBundleDisplayName = "AVP Sailormoon";
				LD_RUNPATH_SEARCH_PATHS = (
					"$(inherited)",
					"@executable_path/Frameworks",
				);
				MARKETING_VERSION = 1.0;
				PRODUCT_BUNDLE_IDENTIFIER = "com.shitalki.AVP-test-sailormoon-240423";
				PRODUCT_NAME = "$(TARGET_NAME)";
				SUPPORTED_PLATFORMS = "xros xrsimulator";
				SWIFT_EMIT_LOC_STRINGS = YES;
				SWIFT_VERSION = 5.0;
				TARGETED_DEVICE_FAMILY = "1,2,7";
			};
			name = Debug;
		};
		E1F7D8CB2BD7F68A00D0CB7B /* Release */ = {
			isa = XCBuildConfiguration;
			buildSettings = {
				ASSETCATALOG_COMPILER_APPICON_NAME = AppIcon;
				ASSETCATALOG_COMPILER_GLOBAL_ACCENT_COLOR_NAME = AccentColor;
				CODE_SIGN_STYLE = Automatic;
				CURRENT_PROJECT_VERSION = 1;
				DEVELOPMENT_ASSET_PATHS = "\"AVP-test-sailormoon-240423/Preview Content\"";
				DEVELOPMENT_TEAM = NQ3XMS9427;
				ENABLE_PREVIEWS = YES;
				GENERATE_INFOPLIST_FILE = YES;
				INFOPLIST_FILE = "$(TARGET_NAME)/Info.plist";
				INFOPLIST_KEY_CFBundleDisplayName = "AVP Sailormoon";
				LD_RUNPATH_SEARCH_PATHS = (
					"$(inherited)",
					"@executable_path/Frameworks",
				);
				MARKETING_VERSION = 1.0;
				PRODUCT_BUNDLE_IDENTIFIER = "com.shitalki.AVP-test-sailormoon-240423";
				PRODUCT_NAME = "$(TARGET_NAME)";
				SUPPORTED_PLATFORMS = "xros xrsimulator";
				SWIFT_EMIT_LOC_STRINGS = YES;
				SWIFT_VERSION = 5.0;
				TARGETED_DEVICE_FAMILY = "1,2,7";
			};
			name = Release;
		};
		E1F7D8CD2BD7F68A00D0CB7B /* Debug */ = {
			isa = XCBuildConfiguration;
			buildSettings = {
				ALWAYS_EMBED_SWIFT_STANDARD_LIBRARIES = YES;
				BUNDLE_LOADER = "$(TEST_HOST)";
				CODE_SIGN_STYLE = Automatic;
				CURRENT_PROJECT_VERSION = 1;
				DEVELOPMENT_TEAM = NQ3XMS9427;
				GENERATE_INFOPLIST_FILE = YES;
				MARKETING_VERSION = 1.0;
				PRODUCT_BUNDLE_IDENTIFIER = "com.shitalki.AVP-test-sailormoon-240423Tests";
				PRODUCT_NAME = "$(TARGET_NAME)";
				SUPPORTED_PLATFORMS = "xros xrsimulator";
				SWIFT_EMIT_LOC_STRINGS = NO;
				SWIFT_VERSION = 5.0;
				TARGETED_DEVICE_FAMILY = "1,2,7";
				TEST_HOST = "$(BUILT_PRODUCTS_DIR)/AVP-test-sailormoon-240423.app/$(BUNDLE_EXECUTABLE_FOLDER_PATH)/AVP-test-sailormoon-240423";
				XROS_DEPLOYMENT_TARGET = 1.1;
			};
			name = Debug;
		};
		E1F7D8CE2BD7F68A00D0CB7B /* Release */ = {
			isa = XCBuildConfiguration;
			buildSettings = {
				ALWAYS_EMBED_SWIFT_STANDARD_LIBRARIES = YES;
				BUNDLE_LOADER = "$(TEST_HOST)";
				CODE_SIGN_STYLE = Automatic;
				CURRENT_PROJECT_VERSION = 1;
				DEVELOPMENT_TEAM = NQ3XMS9427;
				GENERATE_INFOPLIST_FILE = YES;
				MARKETING_VERSION = 1.0;
				PRODUCT_BUNDLE_IDENTIFIER = "com.shitalki.AVP-test-sailormoon-240423Tests";
				PRODUCT_NAME = "$(TARGET_NAME)";
				SUPPORTED_PLATFORMS = "xros xrsimulator";
				SWIFT_EMIT_LOC_STRINGS = NO;
				SWIFT_VERSION = 5.0;
				TARGETED_DEVICE_FAMILY = "1,2,7";
				TEST_HOST = "$(BUILT_PRODUCTS_DIR)/AVP-test-sailormoon-240423.app/$(BUNDLE_EXECUTABLE_FOLDER_PATH)/AVP-test-sailormoon-240423";
				XROS_DEPLOYMENT_TARGET = 1.1;
			};
			name = Release;
		};
/* End XCBuildConfiguration section */

/* Begin XCConfigurationList section */
		E1F7D8A32BD7F68800D0CB7B /* Build configuration list for PBXProject "AVP-test-sailormoon-240423" */ = {
			isa = XCConfigurationList;
			buildConfigurations = (
				E1F7D8C72BD7F68A00D0CB7B /* Debug */,
				E1F7D8C82BD7F68A00D0CB7B /* Release */,
			);
			defaultConfigurationIsVisible = 0;
			defaultConfigurationName = Release;
		};
		E1F7D8C92BD7F68A00D0CB7B /* Build configuration list for PBXNativeTarget "AVP-test-sailormoon-240423" */ = {
			isa = XCConfigurationList;
			buildConfigurations = (
				E1F7D8CA2BD7F68A00D0CB7B /* Debug */,
				E1F7D8CB2BD7F68A00D0CB7B /* Release */,
			);
			defaultConfigurationIsVisible = 0;
			defaultConfigurationName = Release;
		};
		E1F7D8CC2BD7F68A00D0CB7B /* Build configuration list for PBXNativeTarget "AVP-test-sailormoon-240423Tests" */ = {
			isa = XCConfigurationList;
			buildConfigurations = (
				E1F7D8CD2BD7F68A00D0CB7B /* Debug */,
				E1F7D8CE2BD7F68A00D0CB7B /* Release */,
			);
			defaultConfigurationIsVisible = 0;
			defaultConfigurationName = Release;
		};
/* End XCConfigurationList section */

/* Begin XCSwiftPackageProductDependency section */
		E1F7D8AD2BD7F68800D0CB7B /* RealityKitContent */ = {
			isa = XCSwiftPackageProductDependency;
			productName = RealityKitContent;
		};
/* End XCSwiftPackageProductDependency section */
	};
	rootObject = E1F7D8A02BD7F68800D0CB7B /* Project object */;
}
