// !$*UTF8*$!
{
	archiveVersion = 1;
	classes = {
	};
	objectVersion = 56;
	objects = {

/* Begin PBXBuildFile section */
		E1F7D8782BD6390200D0CB7B /* RealityKitContent in Frameworks */ = {isa = PBXBuildFile; productRef = E1F7D8772BD6390200D0CB7B /* RealityKitContent */; };
		E1F7D87A2BD6390200D0CB7B /* AVP_test_biolocations_240422App.swift in Sources */ = {isa = PBXBuildFile; fileRef = E1F7D8792BD6390200D0CB7B /* AVP_test_biolocations_240422App.swift */; };
		E1F7D87C2BD6390200D0CB7B /* ContentView.swift in Sources */ = {isa = PBXBuildFile; fileRef = E1F7D87B2BD6390200D0CB7B /* ContentView.swift */; };
		E1F7D8802BD6390300D0CB7B /* Assets.xcassets in Resources */ = {isa = PBXBuildFile; fileRef = E1F7D87F2BD6390300D0CB7B /* Assets.xcassets */; };
		E1F7D8832BD6390300D0CB7B /* Preview Assets.xcassets in Resources */ = {isa = PBXBuildFile; fileRef = E1F7D8822BD6390300D0CB7B /* Preview Assets.xcassets */; };
		E1F7D88E2BD6390300D0CB7B /* AVP_test_biolocations_240422Tests.swift in Sources */ = {isa = PBXBuildFile; fileRef = E1F7D88D2BD6390300D0CB7B /* AVP_test_biolocations_240422Tests.swift */; };
		E1F7D8982BD6392D00D0CB7B /* GlobeView.swift in Sources */ = {isa = PBXBuildFile; fileRef = E1F7D8972BD6392D00D0CB7B /* GlobeView.swift */; };
		E1F7D89A2BD6395000D0CB7B /* ViewModel.swift in Sources */ = {isa = PBXBuildFile; fileRef = E1F7D8992BD6395000D0CB7B /* ViewModel.swift */; };
		E1F7D89C2BD647C100D0CB7B /* ImageBasedLighting.skybox in Resources */ = {isa = PBXBuildFile; fileRef = E1F7D89B2BD647C100D0CB7B /* ImageBasedLighting.skybox */; };
		E1F7D89E2BD649D700D0CB7B /* MapView.swift in Sources */ = {isa = PBXBuildFile; fileRef = E1F7D89D2BD649D700D0CB7B /* MapView.swift */; };
/* End PBXBuildFile section */

/* Begin PBXContainerItemProxy section */
		E1F7D88A2BD6390300D0CB7B /* PBXContainerItemProxy */ = {
			isa = PBXContainerItemProxy;
			containerPortal = E1F7D86A2BD6390200D0CB7B /* Project object */;
			proxyType = 1;
			remoteGlobalIDString = E1F7D8712BD6390200D0CB7B;
			remoteInfo = "AVP-test-biolocations-240422";
		};
/* End PBXContainerItemProxy section */

/* Begin PBXFileReference section */
		E1F7D8722BD6390200D0CB7B /* AVP-test-biolocations-240422.app */ = {isa = PBXFileReference; explicitFileType = wrapper.application; includeInIndex = 0; path = "AVP-test-biolocations-240422.app"; sourceTree = BUILT_PRODUCTS_DIR; };
		E1F7D8762BD6390200D0CB7B /* RealityKitContent */ = {isa = PBXFileReference; lastKnownFileType = wrapper; path = RealityKitContent; sourceTree = "<group>"; };
		E1F7D8792BD6390200D0CB7B /* AVP_test_biolocations_240422App.swift */ = {isa = PBXFileReference; lastKnownFileType = sourcecode.swift; path = AVP_test_biolocations_240422App.swift; sourceTree = "<group>"; };
		E1F7D87B2BD6390200D0CB7B /* ContentView.swift */ = {isa = PBXFileReference; lastKnownFileType = sourcecode.swift; path = ContentView.swift; sourceTree = "<group>"; };
		E1F7D87F2BD6390300D0CB7B /* Assets.xcassets */ = {isa = PBXFileReference; lastKnownFileType = folder.assetcatalog; path = Assets.xcassets; sourceTree = "<group>"; };
		E1F7D8822BD6390300D0CB7B /* Preview Assets.xcassets */ = {isa = PBXFileReference; lastKnownFileType = folder.assetcatalog; path = "Preview Assets.xcassets"; sourceTree = "<group>"; };
		E1F7D8842BD6390300D0CB7B /* Info.plist */ = {isa = PBXFileReference; lastKnownFileType = text.plist.xml; path = Info.plist; sourceTree = "<group>"; };
		E1F7D8892BD6390300D0CB7B /* AVP-test-biolocations-240422Tests.xctest */ = {isa = PBXFileReference; explicitFileType = wrapper.cfbundle; includeInIndex = 0; path = "AVP-test-biolocations-240422Tests.xctest"; sourceTree = BUILT_PRODUCTS_DIR; };
		E1F7D88D2BD6390300D0CB7B /* AVP_test_biolocations_240422Tests.swift */ = {isa = PBXFileReference; lastKnownFileType = sourcecode.swift; path = AVP_test_biolocations_240422Tests.swift; sourceTree = "<group>"; };
		E1F7D8972BD6392D00D0CB7B /* GlobeView.swift */ = {isa = PBXFileReference; lastKnownFileType = sourcecode.swift; path = GlobeView.swift; sourceTree = "<group>"; };
		E1F7D8992BD6395000D0CB7B /* ViewModel.swift */ = {isa = PBXFileReference; lastKnownFileType = sourcecode.swift; path = ViewModel.swift; sourceTree = "<group>"; };
		E1F7D89B2BD647C100D0CB7B /* ImageBasedLighting.skybox */ = {isa = PBXFileReference; lastKnownFileType = file.skybox; path = ImageBasedLighting.skybox; sourceTree = "<group>"; };
		E1F7D89D2BD649D700D0CB7B /* MapView.swift */ = {isa = PBXFileReference; lastKnownFileType = sourcecode.swift; path = MapView.swift; sourceTree = "<group>"; };
/* End PBXFileReference section */

/* Begin PBXFrameworksBuildPhase section */
		E1F7D86F2BD6390200D0CB7B /* Frameworks */ = {
			isa = PBXFrameworksBuildPhase;
			buildActionMask = 2147483647;
			files = (
				E1F7D8782BD6390200D0CB7B /* RealityKitContent in Frameworks */,
			);
			runOnlyForDeploymentPostprocessing = 0;
		};
		E1F7D8862BD6390300D0CB7B /* Frameworks */ = {
			isa = PBXFrameworksBuildPhase;
			buildActionMask = 2147483647;
			files = (
			);
			runOnlyForDeploymentPostprocessing = 0;
		};
/* End PBXFrameworksBuildPhase section */

/* Begin PBXGroup section */
		E1F7D8692BD6390200D0CB7B = {
			isa = PBXGroup;
			children = (
				E1F7D8742BD6390200D0CB7B /* AVP-test-biolocations-240422 */,
				E1F7D8752BD6390200D0CB7B /* Packages */,
				E1F7D88C2BD6390300D0CB7B /* AVP-test-biolocations-240422Tests */,
				E1F7D8732BD6390200D0CB7B /* Products */,
			);
			sourceTree = "<group>";
		};
		E1F7D8732BD6390200D0CB7B /* Products */ = {
			isa = PBXGroup;
			children = (
				E1F7D8722BD6390200D0CB7B /* AVP-test-biolocations-240422.app */,
				E1F7D8892BD6390300D0CB7B /* AVP-test-biolocations-240422Tests.xctest */,
			);
			name = Products;
			sourceTree = "<group>";
		};
		E1F7D8742BD6390200D0CB7B /* AVP-test-biolocations-240422 */ = {
			isa = PBXGroup;
			children = (
				E1F7D8792BD6390200D0CB7B /* AVP_test_biolocations_240422App.swift */,
				E1F7D8972BD6392D00D0CB7B /* GlobeView.swift */,
				E1F7D89D2BD649D700D0CB7B /* MapView.swift */,
				E1F7D8992BD6395000D0CB7B /* ViewModel.swift */,
				E1F7D87B2BD6390200D0CB7B /* ContentView.swift */,
				E1F7D89B2BD647C100D0CB7B /* ImageBasedLighting.skybox */,
				E1F7D87F2BD6390300D0CB7B /* Assets.xcassets */,
				E1F7D8842BD6390300D0CB7B /* Info.plist */,
				E1F7D8812BD6390300D0CB7B /* Preview Content */,
			);
			path = "AVP-test-biolocations-240422";
			sourceTree = "<group>";
		};
		E1F7D8752BD6390200D0CB7B /* Packages */ = {
			isa = PBXGroup;
			children = (
				E1F7D8762BD6390200D0CB7B /* RealityKitContent */,
			);
			path = Packages;
			sourceTree = "<group>";
		};
		E1F7D8812BD6390300D0CB7B /* Preview Content */ = {
			isa = PBXGroup;
			children = (
				E1F7D8822BD6390300D0CB7B /* Preview Assets.xcassets */,
			);
			path = "Preview Content";
			sourceTree = "<group>";
		};
		E1F7D88C2BD6390300D0CB7B /* AVP-test-biolocations-240422Tests */ = {
			isa = PBXGroup;
			children = (
				E1F7D88D2BD6390300D0CB7B /* AVP_test_biolocations_240422Tests.swift */,
			);
			path = "AVP-test-biolocations-240422Tests";
			sourceTree = "<group>";
		};
/* End PBXGroup section */

/* Begin PBXNativeTarget section */
		E1F7D8712BD6390200D0CB7B /* AVP-test-biolocations-240422 */ = {
			isa = PBXNativeTarget;
			buildConfigurationList = E1F7D8912BD6390300D0CB7B /* Build configuration list for PBXNativeTarget "AVP-test-biolocations-240422" */;
			buildPhases = (
				E1F7D86E2BD6390200D0CB7B /* Sources */,
				E1F7D86F2BD6390200D0CB7B /* Frameworks */,
				E1F7D8702BD6390200D0CB7B /* Resources */,
			);
			buildRules = (
			);
			dependencies = (
			);
			name = "AVP-test-biolocations-240422";
			packageProductDependencies = (
				E1F7D8772BD6390200D0CB7B /* RealityKitContent */,
			);
			productName = "AVP-test-biolocations-240422";
			productReference = E1F7D8722BD6390200D0CB7B /* AVP-test-biolocations-240422.app */;
			productType = "com.apple.product-type.application";
		};
		E1F7D8882BD6390300D0CB7B /* AVP-test-biolocations-240422Tests */ = {
			isa = PBXNativeTarget;
			buildConfigurationList = E1F7D8942BD6390300D0CB7B /* Build configuration list for PBXNativeTarget "AVP-test-biolocations-240422Tests" */;
			buildPhases = (
				E1F7D8852BD6390300D0CB7B /* Sources */,
				E1F7D8862BD6390300D0CB7B /* Frameworks */,
				E1F7D8872BD6390300D0CB7B /* Resources */,
			);
			buildRules = (
			);
			dependencies = (
				E1F7D88B2BD6390300D0CB7B /* PBXTargetDependency */,
			);
			name = "AVP-test-biolocations-240422Tests";
			productName = "AVP-test-biolocations-240422Tests";
			productReference = E1F7D8892BD6390300D0CB7B /* AVP-test-biolocations-240422Tests.xctest */;
			productType = "com.apple.product-type.bundle.unit-test";
		};
/* End PBXNativeTarget section */

/* Begin PBXProject section */
		E1F7D86A2BD6390200D0CB7B /* Project object */ = {
			isa = PBXProject;
			attributes = {
				BuildIndependentTargetsInParallel = 1;
				LastSwiftUpdateCheck = 1530;
				LastUpgradeCheck = 1530;
				TargetAttributes = {
					E1F7D8712BD6390200D0CB7B = {
						CreatedOnToolsVersion = 15.3;
					};
					E1F7D8882BD6390300D0CB7B = {
						CreatedOnToolsVersion = 15.3;
						TestTargetID = E1F7D8712BD6390200D0CB7B;
					};
				};
			};
			buildConfigurationList = E1F7D86D2BD6390200D0CB7B /* Build configuration list for PBXProject "AVP-test-biolocations-240422" */;
			compatibilityVersion = "Xcode 14.0";
			developmentRegion = en;
			hasScannedForEncodings = 0;
			knownRegions = (
				en,
				Base,
			);
			mainGroup = E1F7D8692BD6390200D0CB7B;
			productRefGroup = E1F7D8732BD6390200D0CB7B /* Products */;
			projectDirPath = "";
			projectRoot = "";
			targets = (
				E1F7D8712BD6390200D0CB7B /* AVP-test-biolocations-240422 */,
				E1F7D8882BD6390300D0CB7B /* AVP-test-biolocations-240422Tests */,
			);
		};
/* End PBXProject section */

/* Begin PBXResourcesBuildPhase section */
		E1F7D8702BD6390200D0CB7B /* Resources */ = {
			isa = PBXResourcesBuildPhase;
			buildActionMask = 2147483647;
			files = (
				E1F7D8832BD6390300D0CB7B /* Preview Assets.xcassets in Resources */,
				E1F7D8802BD6390300D0CB7B /* Assets.xcassets in Resources */,
				E1F7D89C2BD647C100D0CB7B /* ImageBasedLighting.skybox in Resources */,
			);
			runOnlyForDeploymentPostprocessing = 0;
		};
		E1F7D8872BD6390300D0CB7B /* Resources */ = {
			isa = PBXResourcesBuildPhase;
			buildActionMask = 2147483647;
			files = (
			);
			runOnlyForDeploymentPostprocessing = 0;
		};
/* End PBXResourcesBuildPhase section */

/* Begin PBXSourcesBuildPhase section */
		E1F7D86E2BD6390200D0CB7B /* Sources */ = {
			isa = PBXSourcesBuildPhase;
			buildActionMask = 2147483647;
			files = (
				E1F7D89A2BD6395000D0CB7B /* ViewModel.swift in Sources */,
				E1F7D87C2BD6390200D0CB7B /* ContentView.swift in Sources */,
				E1F7D89E2BD649D700D0CB7B /* MapView.swift in Sources */,
				E1F7D87A2BD6390200D0CB7B /* AVP_test_biolocations_240422App.swift in Sources */,
				E1F7D8982BD6392D00D0CB7B /* GlobeView.swift in Sources */,
			);
			runOnlyForDeploymentPostprocessing = 0;
		};
		E1F7D8852BD6390300D0CB7B /* Sources */ = {
			isa = PBXSourcesBuildPhase;
			buildActionMask = 2147483647;
			files = (
				E1F7D88E2BD6390300D0CB7B /* AVP_test_biolocations_240422Tests.swift in Sources */,
			);
			runOnlyForDeploymentPostprocessing = 0;
		};
/* End PBXSourcesBuildPhase section */

/* Begin PBXTargetDependency section */
		E1F7D88B2BD6390300D0CB7B /* PBXTargetDependency */ = {
			isa = PBXTargetDependency;
			target = E1F7D8712BD6390200D0CB7B /* AVP-test-biolocations-240422 */;
			targetProxy = E1F7D88A2BD6390300D0CB7B /* PBXContainerItemProxy */;
		};
/* End PBXTargetDependency section */

/* Begin XCBuildConfiguration section */
		E1F7D88F2BD6390300D0CB7B /* Debug */ = {
			isa = XCBuildConfiguration;
			buildSettings = {
				ALWAYS_SEARCH_USER_PATHS = NO;
				ASSETCATALOG_COMPILER_GENERATE_SWIFT_ASSET_SYMBOL_EXTENSIONS = YES;
				CLANG_ANALYZER_NONNULL = YES;
				CLANG_ANALYZER_NUMBER_OBJECT_CONVERSION = YES_AGGRESSIVE;
				CLANG_CXX_LANGUAGE_STANDARD = "gnu++20";
				CLANG_ENABLE_MODULES = YES;
				CLANG_ENABLE_OBJC_ARC = YES;
				CLANG_ENABLE_OBJC_WEAK = YES;
				CLANG_WARN_BLOCK_CAPTURE_AUTORELEASING = YES;
				CLANG_WARN_BOOL_CONVERSION = YES;
				CLANG_WARN_COMMA = YES;
				CLANG_WARN_CONSTANT_CONVERSION = YES;
				CLANG_WARN_DEPRECATED_OBJC_IMPLEMENTATIONS = YES;
				CLANG_WARN_DIRECT_OBJC_ISA_USAGE = YES_ERROR;
				CLANG_WARN_DOCUMENTATION_COMMENTS = YES;
				CLANG_WARN_EMPTY_BODY = YES;
				CLANG_WARN_ENUM_CONVERSION = YES;
				CLANG_WARN_INFINITE_RECURSION = YES;
				CLANG_WARN_INT_CONVERSION = YES;
				CLANG_WARN_NON_LITERAL_NULL_CONVERSION = YES;
				CLANG_WARN_OBJC_IMPLICIT_RETAIN_SELF = YES;
				CLANG_WARN_OBJC_LITERAL_CONVERSION = YES;
				CLANG_WARN_OBJC_ROOT_CLASS = YES_ERROR;
				CLANG_WARN_QUOTED_INCLUDE_IN_FRAMEWORK_HEADER = YES;
				CLANG_WARN_RANGE_LOOP_ANALYSIS = YES;
				CLANG_WARN_STRICT_PROTOTYPES = YES;
				CLANG_WARN_SUSPICIOUS_MOVE = YES;
				CLANG_WARN_UNGUARDED_AVAILABILITY = YES_AGGRESSIVE;
				CLANG_WARN_UNREACHABLE_CODE = YES;
				CLANG_WARN__DUPLICATE_METHOD_MATCH = YES;
				COPY_PHASE_STRIP = NO;
				DEBUG_INFORMATION_FORMAT = dwarf;
				ENABLE_STRICT_OBJC_MSGSEND = YES;
				ENABLE_TESTABILITY = YES;
				ENABLE_USER_SCRIPT_SANDBOXING = YES;
				GCC_C_LANGUAGE_STANDARD = gnu17;
				GCC_DYNAMIC_NO_PIC = NO;
				GCC_NO_COMMON_BLOCKS = YES;
				GCC_OPTIMIZATION_LEVEL = 0;
				GCC_PREPROCESSOR_DEFINITIONS = (
					"DEBUG=1",
					"$(inherited)",
				);
				GCC_WARN_64_TO_32_BIT_CONVERSION = YES;
				GCC_WARN_ABOUT_RETURN_TYPE = YES_ERROR;
				GCC_WARN_UNDECLARED_SELECTOR = YES;
				GCC_WARN_UNINITIALIZED_AUTOS = YES_AGGRESSIVE;
				GCC_WARN_UNUSED_FUNCTION = YES;
				GCC_WARN_UNUSED_VARIABLE = YES;
				LOCALIZATION_PREFERS_STRING_CATALOGS = YES;
				MTL_ENABLE_DEBUG_INFO = INCLUDE_SOURCE;
				MTL_FAST_MATH = YES;
				ONLY_ACTIVE_ARCH = YES;
				SDKROOT = xros;
				SWIFT_ACTIVE_COMPILATION_CONDITIONS = "DEBUG $(inherited)";
				SWIFT_OPTIMIZATION_LEVEL = "-Onone";
				XROS_DEPLOYMENT_TARGET = 1.1;
			};
			name = Debug;
		};
		E1F7D8902BD6390300D0CB7B /* Release */ = {
			isa = XCBuildConfiguration;
			buildSettings = {
				ALWAYS_SEARCH_USER_PATHS = NO;
				ASSETCATALOG_COMPILER_GENERATE_SWIFT_ASSET_SYMBOL_EXTENSIONS = YES;
				CLANG_ANALYZER_NONNULL = YES;
				CLANG_ANALYZER_NUMBER_OBJECT_CONVERSION = YES_AGGRESSIVE;
				CLANG_CXX_LANGUAGE_STANDARD = "gnu++20";
				CLANG_ENABLE_MODULES = YES;
				CLANG_ENABLE_OBJC_ARC = YES;
				CLANG_ENABLE_OBJC_WEAK = YES;
				CLANG_WARN_BLOCK_CAPTURE_AUTORELEASING = YES;
				CLANG_WARN_BOOL_CONVERSION = YES;
				CLANG_WARN_COMMA = YES;
				CLANG_WARN_CONSTANT_CONVERSION = YES;
				CLANG_WARN_DEPRECATED_OBJC_IMPLEMENTATIONS = YES;
				CLANG_WARN_DIRECT_OBJC_ISA_USAGE = YES_ERROR;
				CLANG_WARN_DOCUMENTATION_COMMENTS = YES;
				CLANG_WARN_EMPTY_BODY = YES;
				CLANG_WARN_ENUM_CONVERSION = YES;
				CLANG_WARN_INFINITE_RECURSION = YES;
				CLANG_WARN_INT_CONVERSION = YES;
				CLANG_WARN_NON_LITERAL_NULL_CONVERSION = YES;
				CLANG_WARN_OBJC_IMPLICIT_RETAIN_SELF = YES;
				CLANG_WARN_OBJC_LITERAL_CONVERSION = YES;
				CLANG_WARN_OBJC_ROOT_CLASS = YES_ERROR;
				CLANG_WARN_QUOTED_INCLUDE_IN_FRAMEWORK_HEADER = YES;
				CLANG_WARN_RANGE_LOOP_ANALYSIS = YES;
				CLANG_WARN_STRICT_PROTOTYPES = YES;
				CLANG_WARN_SUSPICIOUS_MOVE = YES;
				CLANG_WARN_UNGUARDED_AVAILABILITY = YES_AGGRESSIVE;
				CLANG_WARN_UNREACHABLE_CODE = YES;
				CLANG_WARN__DUPLICATE_METHOD_MATCH = YES;
				COPY_PHASE_STRIP = NO;
				DEBUG_INFORMATION_FORMAT = "dwarf-with-dsym";
				ENABLE_NS_ASSERTIONS = NO;
				ENABLE_STRICT_OBJC_MSGSEND = YES;
				ENABLE_USER_SCRIPT_SANDBOXING = YES;
				GCC_C_LANGUAGE_STANDARD = gnu17;
				GCC_NO_COMMON_BLOCKS = YES;
				GCC_WARN_64_TO_32_BIT_CONVERSION = YES;
				GCC_WARN_ABOUT_RETURN_TYPE = YES_ERROR;
				GCC_WARN_UNDECLARED_SELECTOR = YES;
				GCC_WARN_UNINITIALIZED_AUTOS = YES_AGGRESSIVE;
				GCC_WARN_UNUSED_FUNCTION = YES;
				GCC_WARN_UNUSED_VARIABLE = YES;
				LOCALIZATION_PREFERS_STRING_CATALOGS = YES;
				MTL_ENABLE_DEBUG_INFO = NO;
				MTL_FAST_MATH = YES;
				SDKROOT = xros;
				SWIFT_COMPILATION_MODE = wholemodule;
				VALIDATE_PRODUCT = YES;
				XROS_DEPLOYMENT_TARGET = 1.1;
			};
			name = Release;
		};
		E1F7D8922BD6390300D0CB7B /* Debug */ = {
			isa = XCBuildConfiguration;
			buildSettings = {
				ASSETCATALOG_COMPILER_APPICON_NAME = AppIcon;
				ASSETCATALOG_COMPILER_GLOBAL_ACCENT_COLOR_NAME = AccentColor;
				CODE_SIGN_STYLE = Automatic;
				CURRENT_PROJECT_VERSION = 1;
				DEVELOPMENT_ASSET_PATHS = "\"AVP-test-biolocations-240422/Preview Content\"";
				DEVELOPMENT_TEAM = NQ3XMS9427;
				ENABLE_PREVIEWS = YES;
				GENERATE_INFOPLIST_FILE = YES;
				INFOPLIST_FILE = "$(TARGET_NAME)/Info.plist";
				LD_RUNPATH_SEARCH_PATHS = (
					"$(inherited)",
					"@executable_path/Frameworks",
				);
				MARKETING_VERSION = 1.0;
				PRODUCT_BUNDLE_IDENTIFIER = "com.shitalki.AVP-test-biolocations-240422";
				PRODUCT_NAME = "$(TARGET_NAME)";
				SUPPORTED_PLATFORMS = "xros xrsimulator";
				SWIFT_EMIT_LOC_STRINGS = YES;
				SWIFT_VERSION = 5.0;
				TARGETED_DEVICE_FAMILY = "1,2,7";
			};
			name = Debug;
		};
		E1F7D8932BD6390300D0CB7B /* Release */ = {
			isa = XCBuildConfiguration;
			buildSettings = {
				ASSETCATALOG_COMPILER_APPICON_NAME = AppIcon;
				ASSETCATALOG_COMPILER_GLOBAL_ACCENT_COLOR_NAME = AccentColor;
				CODE_SIGN_STYLE = Automatic;
				CURRENT_PROJECT_VERSION = 1;
				DEVELOPMENT_ASSET_PATHS = "\"AVP-test-biolocations-240422/Preview Content\"";
				DEVELOPMENT_TEAM = NQ3XMS9427;
				ENABLE_PREVIEWS = YES;
				GENERATE_INFOPLIST_FILE = YES;
				INFOPLIST_FILE = "$(TARGET_NAME)/Info.plist";
				LD_RUNPATH_SEARCH_PATHS = (
					"$(inherited)",
					"@executable_path/Frameworks",
				);
				MARKETING_VERSION = 1.0;
				PRODUCT_BUNDLE_IDENTIFIER = "com.shitalki.AVP-test-biolocations-240422";
				PRODUCT_NAME = "$(TARGET_NAME)";
				SUPPORTED_PLATFORMS = "xros xrsimulator";
				SWIFT_EMIT_LOC_STRINGS = YES;
				SWIFT_VERSION = 5.0;
				TARGETED_DEVICE_FAMILY = "1,2,7";
			};
			name = Release;
		};
		E1F7D8952BD6390300D0CB7B /* Debug */ = {
			isa = XCBuildConfiguration;
			buildSettings = {
				ALWAYS_EMBED_SWIFT_STANDARD_LIBRARIES = YES;
				BUNDLE_LOADER = "$(TEST_HOST)";
				CODE_SIGN_STYLE = Automatic;
				CURRENT_PROJECT_VERSION = 1;
				DEVELOPMENT_TEAM = NQ3XMS9427;
				GENERATE_INFOPLIST_FILE = YES;
				MARKETING_VERSION = 1.0;
				PRODUCT_BUNDLE_IDENTIFIER = "com.shitalki.AVP-test-biolocations-240422Tests";
				PRODUCT_NAME = "$(TARGET_NAME)";
				SUPPORTED_PLATFORMS = "xros xrsimulator";
				SWIFT_EMIT_LOC_STRINGS = NO;
				SWIFT_VERSION = 5.0;
				TARGETED_DEVICE_FAMILY = "1,2,7";
				TEST_HOST = "$(BUILT_PRODUCTS_DIR)/AVP-test-biolocations-240422.app/$(BUNDLE_EXECUTABLE_FOLDER_PATH)/AVP-test-biolocations-240422";
				XROS_DEPLOYMENT_TARGET = 1.1;
			};
			name = Debug;
		};
		E1F7D8962BD6390300D0CB7B /* Release */ = {
			isa = XCBuildConfiguration;
			buildSettings = {
				ALWAYS_EMBED_SWIFT_STANDARD_LIBRARIES = YES;
				BUNDLE_LOADER = "$(TEST_HOST)";
				CODE_SIGN_STYLE = Automatic;
				CURRENT_PROJECT_VERSION = 1;
				DEVELOPMENT_TEAM = NQ3XMS9427;
				GENERATE_INFOPLIST_FILE = YES;
				MARKETING_VERSION = 1.0;
				PRODUCT_BUNDLE_IDENTIFIER = "com.shitalki.AVP-test-biolocations-240422Tests";
				PRODUCT_NAME = "$(TARGET_NAME)";
				SUPPORTED_PLATFORMS = "xros xrsimulator";
				SWIFT_EMIT_LOC_STRINGS = NO;
				SWIFT_VERSION = 5.0;
				TARGETED_DEVICE_FAMILY = "1,2,7";
				TEST_HOST = "$(BUILT_PRODUCTS_DIR)/AVP-test-biolocations-240422.app/$(BUNDLE_EXECUTABLE_FOLDER_PATH)/AVP-test-biolocations-240422";
				XROS_DEPLOYMENT_TARGET = 1.1;
			};
			name = Release;
		};
/* End XCBuildConfiguration section */

/* Begin XCConfigurationList section */
		E1F7D86D2BD6390200D0CB7B /* Build configuration list for PBXProject "AVP-test-biolocations-240422" */ = {
			isa = XCConfigurationList;
			buildConfigurations = (
				E1F7D88F2BD6390300D0CB7B /* Debug */,
				E1F7D8902BD6390300D0CB7B /* Release */,
			);
			defaultConfigurationIsVisible = 0;
			defaultConfigurationName = Release;
		};
		E1F7D8912BD6390300D0CB7B /* Build configuration list for PBXNativeTarget "AVP-test-biolocations-240422" */ = {
			isa = XCConfigurationList;
			buildConfigurations = (
				E1F7D8922BD6390300D0CB7B /* Debug */,
				E1F7D8932BD6390300D0CB7B /* Release */,
			);
			defaultConfigurationIsVisible = 0;
			defaultConfigurationName = Release;
		};
		E1F7D8942BD6390300D0CB7B /* Build configuration list for PBXNativeTarget "AVP-test-biolocations-240422Tests" */ = {
			isa = XCConfigurationList;
			buildConfigurations = (
				E1F7D8952BD6390300D0CB7B /* Debug */,
				E1F7D8962BD6390300D0CB7B /* Release */,
			);
			defaultConfigurationIsVisible = 0;
			defaultConfigurationName = Release;
		};
/* End XCConfigurationList section */

/* Begin XCSwiftPackageProductDependency section */
		E1F7D8772BD6390200D0CB7B /* RealityKitContent */ = {
			isa = XCSwiftPackageProductDependency;
			productName = RealityKitContent;
		};
/* End XCSwiftPackageProductDependency section */
	};
	rootObject = E1F7D86A2BD6390200D0CB7B /* Project object */;
}
